PODS:
  - RxAVFoundation (3.0.0):
    - RxCocoa (~> 5.0)
    - RxSwift (~> 5.0)
  - RxCocoa (5.0.1):
    - RxRelay (~> 5)
    - RxSwift (~> 5)
  - RxRelay (5.0.1):
    - RxSwift (~> 5)
  - RxSwift (5.0.1)

DEPENDENCIES:
  - RxAVFoundation
  - RxCocoa
  - RxSwift

SPEC REPOS:
  trunk:
    - RxAVFoundation
    - RxCocoa
    - RxRelay
    - RxSwift

SPEC CHECKSUMS:
  RxAVFoundation: 73edc0217877329d9c633e71a7c47af9c62cec35
  RxCocoa: e741b9749968e8a143e2b787f1dfbff2b63d0a5c
  RxRelay: 89d54507f4fd4d969e6ec1d4bd7f3673640b4640
  RxSwift: e2dc62b366a3adf6a0be44ba9f405efd4c94e0c4

PODFILE CHECKSUM: ad6dc4e447bb8be3f555211ff010e883db9632d3

COCOAPODS: 1.8.4
