// !$*UTF8*$!
{
	archiveVersion = 1;
	classes = {
	};
	objectVersion = 50;
	objects = {

/* Begin PBXBuildFile section */
		CE2D12A323D6E477004DE36B /* AppDelegate.swift in Sources */ = {isa = PBXBuildFile; fileRef = CE2D12A223D6E477004DE36B /* AppDelegate.swift */; };
		CE2D12A523D6E477004DE36B /* ViewController.swift in Sources */ = {isa = PBXBuildFile; fileRef = CE2D12A423D6E477004DE36B /* ViewController.swift */; };
		CE2D12A823D6E477004DE36B /* Main.storyboard in Resources */ = {isa = PBXBuildFile; fileRef = CE2D12A623D6E477004DE36B /* Main.storyboard */; };
		CE2D12AA23D6E479004DE36B /* Assets.xcassets in Resources */ = {isa = PBXBuildFile; fileRef = CE2D12A923D6E479004DE36B /* Assets.xcassets */; };
		CE2D12AD23D6E479004DE36B /* LaunchScreen.storyboard in Resources */ = {isa = PBXBuildFile; fileRef = CE2D12AB23D6E479004DE36B /* LaunchScreen.storyboard */; };
		CE2D12B823D6E479004DE36B /* collectionViewTouchTestTests.swift in Sources */ = {isa = PBXBuildFile; fileRef = CE2D12B723D6E479004DE36B /* collectionViewTouchTestTests.swift */; };
		CE2D12C323D6E479004DE36B /* collectionViewTouchTestUITests.swift in Sources */ = {isa = PBXBuildFile; fileRef = CE2D12C223D6E479004DE36B /* collectionViewTouchTestUITests.swift */; };
/* End PBXBuildFile section */

/* Begin PBXContainerItemProxy section */
		CE2D12B423D6E479004DE36B /* PBXContainerItemProxy */ = {
			isa = PBXContainerItemProxy;
			containerPortal = CE2D129723D6E477004DE36B /* Project object */;
			proxyType = 1;
			remoteGlobalIDString = CE2D129E23D6E477004DE36B;
			remoteInfo = collectionViewTouchTest;
		};
		CE2D12BF23D6E479004DE36B /* PBXContainerItemProxy */ = {
			isa = PBXContainerItemProxy;
			containerPortal = CE2D129723D6E477004DE36B /* Project object */;
			proxyType = 1;
			remoteGlobalIDString = CE2D129E23D6E477004DE36B;
			remoteInfo = collectionViewTouchTest;
		};
/* End PBXContainerItemProxy section */

/* Begin PBXFileReference section */
		CE2D129F23D6E477004DE36B /* collectionViewTouchTest.app */ = {isa = PBXFileReference; explicitFileType = wrapper.application; includeInIndex = 0; path = collectionViewTouchTest.app; sourceTree = BUILT_PRODUCTS_DIR; };
		CE2D12A223D6E477004DE36B /* AppDelegate.swift */ = {isa = PBXFileReference; lastKnownFileType = sourcecode.swift; path = AppDelegate.swift; sourceTree = "<group>"; };
		CE2D12A423D6E477004DE36B /* ViewController.swift */ = {isa = PBXFileReference; lastKnownFileType = sourcecode.swift; path = ViewController.swift; sourceTree = "<group>"; };
		CE2D12A723D6E477004DE36B /* Base */ = {isa = PBXFileReference; lastKnownFileType = file.storyboard; name = Base; path = Base.lproj/Main.storyboard; sourceTree = "<group>"; };
		CE2D12A923D6E479004DE36B /* Assets.xcassets */ = {isa = PBXFileReference; lastKnownFileType = folder.assetcatalog; path = Assets.xcassets; sourceTree = "<group>"; };
		CE2D12AC23D6E479004DE36B /* Base */ = {isa = PBXFileReference; lastKnownFileType = file.storyboard; name = Base; path = Base.lproj/LaunchScreen.storyboard; sourceTree = "<group>"; };
		CE2D12AE23D6E479004DE36B /* Info.plist */ = {isa = PBXFileReference; lastKnownFileType = text.plist.xml; path = Info.plist; sourceTree = "<group>"; };
		CE2D12B323D6E479004DE36B /* collectionViewTouchTestTests.xctest */ = {isa = PBXFileReference; explicitFileType = wrapper.cfbundle; includeInIndex = 0; path = collectionViewTouchTestTests.xctest; sourceTree = BUILT_PRODUCTS_DIR; };
		CE2D12B723D6E479004DE36B /* collectionViewTouchTestTests.swift */ = {isa = PBXFileReference; lastKnownFileType = sourcecode.swift; path = collectionViewTouchTestTests.swift; sourceTree = "<group>"; };
		CE2D12B923D6E479004DE36B /* Info.plist */ = {isa = PBXFileReference; lastKnownFileType = text.plist.xml; path = Info.plist; sourceTree = "<group>"; };
		CE2D12BE23D6E479004DE36B /* collectionViewTouchTestUITests.xctest */ = {isa = PBXFileReference; explicitFileType = wrapper.cfbundle; includeInIndex = 0; path = collectionViewTouchTestUITests.xctest; sourceTree = BUILT_PRODUCTS_DIR; };
		CE2D12C223D6E479004DE36B /* collectionViewTouchTestUITests.swift */ = {isa = PBXFileReference; lastKnownFileType = sourcecode.swift; path = collectionViewTouchTestUITests.swift; sourceTree = "<group>"; };
		CE2D12C423D6E479004DE36B /* Info.plist */ = {isa = PBXFileReference; lastKnownFileType = text.plist.xml; path = Info.plist; sourceTree = "<group>"; };
/* End PBXFileReference section */

/* Begin PBXFrameworksBuildPhase section */
		CE2D129C23D6E477004DE36B /* Frameworks */ = {
			isa = PBXFrameworksBuildPhase;
			buildActionMask = 2147483647;
			files = (
			);
			runOnlyForDeploymentPostprocessing = 0;
		};
		CE2D12B023D6E479004DE36B /* Frameworks */ = {
			isa = PBXFrameworksBuildPhase;
			buildActionMask = 2147483647;
			files = (
			);
			runOnlyForDeploymentPostprocessing = 0;
		};
		CE2D12BB23D6E479004DE36B /* Frameworks */ = {
			isa = PBXFrameworksBuildPhase;
			buildActionMask = 2147483647;
			files = (
			);
			runOnlyForDeploymentPostprocessing = 0;
		};
/* End PBXFrameworksBuildPhase section */

/* Begin PBXGroup section */
		CE2D129623D6E477004DE36B = {
			isa = PBXGroup;
			children = (
				CE2D12A123D6E477004DE36B /* collectionViewTouchTest */,
				CE2D12B623D6E479004DE36B /* collectionViewTouchTestTests */,
				CE2D12C123D6E479004DE36B /* collectionViewTouchTestUITests */,
				CE2D12A023D6E477004DE36B /* Products */,
			);
			sourceTree = "<group>";
		};
		CE2D12A023D6E477004DE36B /* Products */ = {
			isa = PBXGroup;
			children = (
				CE2D129F23D6E477004DE36B /* collectionViewTouchTest.app */,
				CE2D12B323D6E479004DE36B /* collectionViewTouchTestTests.xctest */,
				CE2D12BE23D6E479004DE36B /* collectionViewTouchTestUITests.xctest */,
			);
			name = Products;
			sourceTree = "<group>";
		};
		CE2D12A123D6E477004DE36B /* collectionViewTouchTest */ = {
			isa = PBXGroup;
			children = (
				CE2D12A223D6E477004DE36B /* AppDelegate.swift */,
				CE2D12A423D6E477004DE36B /* ViewController.swift */,
				CE2D12A623D6E477004DE36B /* Main.storyboard */,
				CE2D12A923D6E479004DE36B /* Assets.xcassets */,
				CE2D12AB23D6E479004DE36B /* LaunchScreen.storyboard */,
				CE2D12AE23D6E479004DE36B /* Info.plist */,
			);
			path = collectionViewTouchTest;
			sourceTree = "<group>";
		};
		CE2D12B623D6E479004DE36B /* collectionViewTouchTestTests */ = {
			isa = PBXGroup;
			children = (
				CE2D12B723D6E479004DE36B /* collectionViewTouchTestTests.swift */,
				CE2D12B923D6E479004DE36B /* Info.plist */,
			);
			path = collectionViewTouchTestTests;
			sourceTree = "<group>";
		};
		CE2D12C123D6E479004DE36B /* collectionViewTouchTestUITests */ = {
			isa = PBXGroup;
			children = (
				CE2D12C223D6E479004DE36B /* collectionViewTouchTestUITests.swift */,
				CE2D12C423D6E479004DE36B /* Info.plist */,
			);
			path = collectionViewTouchTestUITests;
			sourceTree = "<group>";
		};
/* End PBXGroup section */

/* Begin PBXNativeTarget section */
		CE2D129E23D6E477004DE36B /* collectionViewTouchTest */ = {
			isa = PBXNativeTarget;
			buildConfigurationList = CE2D12C723D6E479004DE36B /* Build configuration list for PBXNativeTarget "collectionViewTouchTest" */;
			buildPhases = (
				CE2D129B23D6E477004DE36B /* Sources */,
				CE2D129C23D6E477004DE36B /* Frameworks */,
				CE2D129D23D6E477004DE36B /* Resources */,
			);
			buildRules = (
			);
			dependencies = (
			);
			name = collectionViewTouchTest;
			productName = collectionViewTouchTest;
			productReference = CE2D129F23D6E477004DE36B /* collectionViewTouchTest.app */;
			productType = "com.apple.product-type.application";
		};
		CE2D12B223D6E479004DE36B /* collectionViewTouchTestTests */ = {
			isa = PBXNativeTarget;
			buildConfigurationList = CE2D12CA23D6E479004DE36B /* Build configuration list for PBXNativeTarget "collectionViewTouchTestTests" */;
			buildPhases = (
				CE2D12AF23D6E479004DE36B /* Sources */,
				CE2D12B023D6E479004DE36B /* Frameworks */,
				CE2D12B123D6E479004DE36B /* Resources */,
			);
			buildRules = (
			);
			dependencies = (
				CE2D12B523D6E479004DE36B /* PBXTargetDependency */,
			);
			name = collectionViewTouchTestTests;
			productName = collectionViewTouchTestTests;
			productReference = CE2D12B323D6E479004DE36B /* collectionViewTouchTestTests.xctest */;
			productType = "com.apple.product-type.bundle.unit-test";
		};
		CE2D12BD23D6E479004DE36B /* collectionViewTouchTestUITests */ = {
			isa = PBXNativeTarget;
			buildConfigurationList = CE2D12CD23D6E479004DE36B /* Build configuration list for PBXNativeTarget "collectionViewTouchTestUITests" */;
			buildPhases = (
				CE2D12BA23D6E479004DE36B /* Sources */,
				CE2D12BB23D6E479004DE36B /* Frameworks */,
				CE2D12BC23D6E479004DE36B /* Resources */,
			);
			buildRules = (
			);
			dependencies = (
				CE2D12C023D6E479004DE36B /* PBXTargetDependency */,
			);
			name = collectionViewTouchTestUITests;
			productName = collectionViewTouchTestUITests;
			productReference = CE2D12BE23D6E479004DE36B /* collectionViewTouchTestUITests.xctest */;
			productType = "com.apple.product-type.bundle.ui-testing";
		};
/* End PBXNativeTarget section */

/* Begin PBXProject section */
		CE2D129723D6E477004DE36B /* Project object */ = {
			isa = PBXProject;
			attributes = {
				LastSwiftUpdateCheck = 1030;
				LastUpgradeCheck = 1030;
				ORGANIZATIONNAME = MinG._.;
				TargetAttributes = {
					CE2D129E23D6E477004DE36B = {
						CreatedOnToolsVersion = 10.3;
					};
					CE2D12B223D6E479004DE36B = {
						CreatedOnToolsVersion = 10.3;
						TestTargetID = CE2D129E23D6E477004DE36B;
					};
					CE2D12BD23D6E479004DE36B = {
						CreatedOnToolsVersion = 10.3;
						TestTargetID = CE2D129E23D6E477004DE36B;
					};
				};
			};
			buildConfigurationList = CE2D129A23D6E477004DE36B /* Build configuration list for PBXProject "collectionViewTouchTest" */;
			compatibilityVersion = "Xcode 9.3";
			developmentRegion = en;
			hasScannedForEncodings = 0;
			knownRegions = (
				en,
				Base,
			);
			mainGroup = CE2D129623D6E477004DE36B;
			productRefGroup = CE2D12A023D6E477004DE36B /* Products */;
			projectDirPath = "";
			projectRoot = "";
			targets = (
				CE2D129E23D6E477004DE36B /* collectionViewTouchTest */,
				CE2D12B223D6E479004DE36B /* collectionViewTouchTestTests */,
				CE2D12BD23D6E479004DE36B /* collectionViewTouchTestUITests */,
			);
		};
/* End PBXProject section */

/* Begin PBXResourcesBuildPhase section */
		CE2D129D23D6E477004DE36B /* Resources */ = {
			isa = PBXResourcesBuildPhase;
			buildActionMask = 2147483647;
			files = (
				CE2D12AD23D6E479004DE36B /* LaunchScreen.storyboard in Resources */,
				CE2D12AA23D6E479004DE36B /* Assets.xcassets in Resources */,
				CE2D12A823D6E477004DE36B /* Main.storyboard in Resources */,
			);
			runOnlyForDeploymentPostprocessing = 0;
		};
		CE2D12B123D6E479004DE36B /* Resources */ = {
			isa = PBXResourcesBuildPhase;
			buildActionMask = 2147483647;
			files = (
			);
			runOnlyForDeploymentPostprocessing = 0;
		};
		CE2D12BC23D6E479004DE36B /* Resources */ = {
			isa = PBXResourcesBuildPhase;
			buildActionMask = 2147483647;
			files = (
			);
			runOnlyForDeploymentPostprocessing = 0;
		};
/* End PBXResourcesBuildPhase section */

/* Begin PBXSourcesBuildPhase section */
		CE2D129B23D6E477004DE36B /* Sources */ = {
			isa = PBXSourcesBuildPhase;
			buildActionMask = 2147483647;
			files = (
				CE2D12A523D6E477004DE36B /* ViewController.swift in Sources */,
				CE2D12A323D6E477004DE36B /* AppDelegate.swift in Sources */,
			);
			runOnlyForDeploymentPostprocessing = 0;
		};
		CE2D12AF23D6E479004DE36B /* Sources */ = {
			isa = PBXSourcesBuildPhase;
			buildActionMask = 2147483647;
			files = (
				CE2D12B823D6E479004DE36B /* collectionViewTouchTestTests.swift in Sources */,
			);
			runOnlyForDeploymentPostprocessing = 0;
		};
		CE2D12BA23D6E479004DE36B /* Sources */ = {
			isa = PBXSourcesBuildPhase;
			buildActionMask = 2147483647;
			files = (
				CE2D12C323D6E479004DE36B /* collectionViewTouchTestUITests.swift in Sources */,
			);
			runOnlyForDeploymentPostprocessing = 0;
		};
/* End PBXSourcesBuildPhase section */

/* Begin PBXTargetDependency section */
		CE2D12B523D6E479004DE36B /* PBXTargetDependency */ = {
			isa = PBXTargetDependency;
			target = CE2D129E23D6E477004DE36B /* collectionViewTouchTest */;
			targetProxy = CE2D12B423D6E479004DE36B /* PBXContainerItemProxy */;
		};
		CE2D12C023D6E479004DE36B /* PBXTargetDependency */ = {
			isa = PBXTargetDependency;
			target = CE2D129E23D6E477004DE36B /* collectionViewTouchTest */;
			targetProxy = CE2D12BF23D6E479004DE36B /* PBXContainerItemProxy */;
		};
/* End PBXTargetDependency section */

/* Begin PBXVariantGroup section */
		CE2D12A623D6E477004DE36B /* Main.storyboard */ = {
			isa = PBXVariantGroup;
			children = (
				CE2D12A723D6E477004DE36B /* Base */,
			);
			name = Main.storyboard;
			sourceTree = "<group>";
		};
		CE2D12AB23D6E479004DE36B /* LaunchScreen.storyboard */ = {
			isa = PBXVariantGroup;
			children = (
				CE2D12AC23D6E479004DE36B /* Base */,
			);
			name = LaunchScreen.storyboard;
			sourceTree = "<group>";
		};
/* End PBXVariantGroup section */

/* Begin XCBuildConfiguration section */
		CE2D12C523D6E479004DE36B /* Debug */ = {
			isa = XCBuildConfiguration;
			buildSettings = {
				ALWAYS_SEARCH_USER_PATHS = NO;
				CLANG_ANALYZER_NONNULL = YES;
				CLANG_ANALYZER_NUMBER_OBJECT_CONVERSION = YES_AGGRESSIVE;
				CLANG_CXX_LANGUAGE_STANDARD = "gnu++14";
				CLANG_CXX_LIBRARY = "libc++";
				CLANG_ENABLE_MODULES = YES;
				CLANG_ENABLE_OBJC_ARC = YES;
				CLANG_ENABLE_OBJC_WEAK = YES;
				CLANG_WARN_BLOCK_CAPTURE_AUTORELEASING = YES;
				CLANG_WARN_BOOL_CONVERSION = YES;
				CLANG_WARN_COMMA = YES;
				CLANG_WARN_CONSTANT_CONVERSION = YES;
				CLANG_WARN_DEPRECATED_OBJC_IMPLEMENTATIONS = YES;
				CLANG_WARN_DIRECT_OBJC_ISA_USAGE = YES_ERROR;
				CLANG_WARN_DOCUMENTATION_COMMENTS = YES;
				CLANG_WARN_EMPTY_BODY = YES;
				CLANG_WARN_ENUM_CONVERSION = YES;
				CLANG_WARN_INFINITE_RECURSION = YES;
				CLANG_WARN_INT_CONVERSION = YES;
				CLANG_WARN_NON_LITERAL_NULL_CONVERSION = YES;
				CLANG_WARN_OBJC_IMPLICIT_RETAIN_SELF = YES;
				CLANG_WARN_OBJC_LITERAL_CONVERSION = YES;
				CLANG_WARN_OBJC_ROOT_CLASS = YES_ERROR;
				CLANG_WARN_RANGE_LOOP_ANALYSIS = YES;
				CLANG_WARN_STRICT_PROTOTYPES = YES;
				CLANG_WARN_SUSPICIOUS_MOVE = YES;
				CLANG_WARN_UNGUARDED_AVAILABILITY = YES_AGGRESSIVE;
				CLANG_WARN_UNREACHABLE_CODE = YES;
				CLANG_WARN__DUPLICATE_METHOD_MATCH = YES;
				CODE_SIGN_IDENTITY = "iPhone Developer";
				COPY_PHASE_STRIP = NO;
				DEBUG_INFORMATION_FORMAT = dwarf;
				ENABLE_STRICT_OBJC_MSGSEND = YES;
				ENABLE_TESTABILITY = YES;
				GCC_C_LANGUAGE_STANDARD = gnu11;
				GCC_DYNAMIC_NO_PIC = NO;
				GCC_NO_COMMON_BLOCKS = YES;
				GCC_OPTIMIZATION_LEVEL = 0;
				GCC_PREPROCESSOR_DEFINITIONS = (
					"DEBUG=1",
					"$(inherited)",
				);
				GCC_WARN_64_TO_32_BIT_CONVERSION = YES;
				GCC_WARN_ABOUT_RETURN_TYPE = YES_ERROR;
				GCC_WARN_UNDECLARED_SELECTOR = YES;
				GCC_WARN_UNINITIALIZED_AUTOS = YES_AGGRESSIVE;
				GCC_WARN_UNUSED_FUNCTION = YES;
				GCC_WARN_UNUSED_VARIABLE = YES;
				IPHONEOS_DEPLOYMENT_TARGET = 12.4;
				MTL_ENABLE_DEBUG_INFO = INCLUDE_SOURCE;
				MTL_FAST_MATH = YES;
				ONLY_ACTIVE_ARCH = YES;
				SDKROOT = iphoneos;
				SWIFT_ACTIVE_COMPILATION_CONDITIONS = DEBUG;
				SWIFT_OPTIMIZATION_LEVEL = "-Onone";
			};
			name = Debug;
		};
		CE2D12C623D6E479004DE36B /* Release */ = {
			isa = XCBuildConfiguration;
			buildSettings = {
				ALWAYS_SEARCH_USER_PATHS = NO;
				CLANG_ANALYZER_NONNULL = YES;
				CLANG_ANALYZER_NUMBER_OBJECT_CONVERSION = YES_AGGRESSIVE;
				CLANG_CXX_LANGUAGE_STANDARD = "gnu++14";
				CLANG_CXX_LIBRARY = "libc++";
				CLANG_ENABLE_MODULES = YES;
				CLANG_ENABLE_OBJC_ARC = YES;
				CLANG_ENABLE_OBJC_WEAK = YES;
				CLANG_WARN_BLOCK_CAPTURE_AUTORELEASING = YES;
				CLANG_WARN_BOOL_CONVERSION = YES;
				CLANG_WARN_COMMA = YES;
				CLANG_WARN_CONSTANT_CONVERSION = YES;
				CLANG_WARN_DEPRECATED_OBJC_IMPLEMENTATIONS = YES;
				CLANG_WARN_DIRECT_OBJC_ISA_USAGE = YES_ERROR;
				CLANG_WARN_DOCUMENTATION_COMMENTS = YES;
				CLANG_WARN_EMPTY_BODY = YES;
				CLANG_WARN_ENUM_CONVERSION = YES;
				CLANG_WARN_INFINITE_RECURSION = YES;
				CLANG_WARN_INT_CONVERSION = YES;
				CLANG_WARN_NON_LITERAL_NULL_CONVERSION = YES;
				CLANG_WARN_OBJC_IMPLICIT_RETAIN_SELF = YES;
				CLANG_WARN_OBJC_LITERAL_CONVERSION = YES;
				CLANG_WARN_OBJC_ROOT_CLASS = YES_ERROR;
				CLANG_WARN_RANGE_LOOP_ANALYSIS = YES;
				CLANG_WARN_STRICT_PROTOTYPES = YES;
				CLANG_WARN_SUSPICIOUS_MOVE = YES;
				CLANG_WARN_UNGUARDED_AVAILABILITY = YES_AGGRESSIVE;
				CLANG_WARN_UNREACHABLE_CODE = YES;
				CLANG_WARN__DUPLICATE_METHOD_MATCH = YES;
				CODE_SIGN_IDENTITY = "iPhone Developer";
				COPY_PHASE_STRIP = NO;
				DEBUG_INFORMATION_FORMAT = "dwarf-with-dsym";
				ENABLE_NS_ASSERTIONS = NO;
				ENABLE_STRICT_OBJC_MSGSEND = YES;
				GCC_C_LANGUAGE_STANDARD = gnu11;
				GCC_NO_COMMON_BLOCKS = YES;
				GCC_WARN_64_TO_32_BIT_CONVERSION = YES;
				GCC_WARN_ABOUT_RETURN_TYPE = YES_ERROR;
				GCC_WARN_UNDECLARED_SELECTOR = YES;
				GCC_WARN_UNINITIALIZED_AUTOS = YES_AGGRESSIVE;
				GCC_WARN_UNUSED_FUNCTION = YES;
				GCC_WARN_UNUSED_VARIABLE = YES;
				IPHONEOS_DEPLOYMENT_TARGET = 12.4;
				MTL_ENABLE_DEBUG_INFO = NO;
				MTL_FAST_MATH = YES;
				SDKROOT = iphoneos;
				SWIFT_COMPILATION_MODE = wholemodule;
				SWIFT_OPTIMIZATION_LEVEL = "-O";
				VALIDATE_PRODUCT = YES;
			};
			name = Release;
		};
		CE2D12C823D6E479004DE36B /* Debug */ = {
			isa = XCBuildConfiguration;
			buildSettings = {
				ASSETCATALOG_COMPILER_APPICON_NAME = AppIcon;
				CODE_SIGN_STYLE = Automatic;
				DEVELOPMENT_TEAM = CK3K4P4V36;
				INFOPLIST_FILE = collectionViewTouchTest/Info.plist;
				LD_RUNPATH_SEARCH_PATHS = (
					"$(inherited)",
					"@executable_path/Frameworks",
				);
				PRODUCT_BUNDLE_IDENTIFIER = MinG.collectionViewTouchTest;
				PRODUCT_NAME = "$(TARGET_NAME)";
				SWIFT_VERSION = 5.0;
				TARGETED_DEVICE_FAMILY = "1,2";
			};
			name = Debug;
		};
		CE2D12C923D6E479004DE36B /* Release */ = {
			isa = XCBuildConfiguration;
			buildSettings = {
				ASSETCATALOG_COMPILER_APPICON_NAME = AppIcon;
				CODE_SIGN_STYLE = Automatic;
				DEVELOPMENT_TEAM = CK3K4P4V36;
				INFOPLIST_FILE = collectionViewTouchTest/Info.plist;
				LD_RUNPATH_SEARCH_PATHS = (
					"$(inherited)",
					"@executable_path/Frameworks",
				);
				PRODUCT_BUNDLE_IDENTIFIER = MinG.collectionViewTouchTest;
				PRODUCT_NAME = "$(TARGET_NAME)";
				SWIFT_VERSION = 5.0;
				TARGETED_DEVICE_FAMILY = "1,2";
			};
			name = Release;
		};
		CE2D12CB23D6E479004DE36B /* Debug */ = {
			isa = XCBuildConfiguration;
			buildSettings = {
				ALWAYS_EMBED_SWIFT_STANDARD_LIBRARIES = YES;
				BUNDLE_LOADER = "$(TEST_HOST)";
				CODE_SIGN_STYLE = Automatic;
				DEVELOPMENT_TEAM = CK3K4P4V36;
				INFOPLIST_FILE = collectionViewTouchTestTests/Info.plist;
				LD_RUNPATH_SEARCH_PATHS = (
					"$(inherited)",
					"@executable_path/Frameworks",
					"@loader_path/Frameworks",
				);
				PRODUCT_BUNDLE_IDENTIFIER = MinG.collectionViewTouchTestTests;
				PRODUCT_NAME = "$(TARGET_NAME)";
				SWIFT_VERSION = 5.0;
				TARGETED_DEVICE_FAMILY = "1,2";
				TEST_HOST = "$(BUILT_PRODUCTS_DIR)/collectionViewTouchTest.app/collectionViewTouchTest";
			};
			name = Debug;
		};
		CE2D12CC23D6E479004DE36B /* Release */ = {
			isa = XCBuildConfiguration;
			buildSettings = {
				ALWAYS_EMBED_SWIFT_STANDARD_LIBRARIES = YES;
				BUNDLE_LOADER = "$(TEST_HOST)";
				CODE_SIGN_STYLE = Automatic;
				DEVELOPMENT_TEAM = CK3K4P4V36;
				INFOPLIST_FILE = collectionViewTouchTestTests/Info.plist;
				LD_RUNPATH_SEARCH_PATHS = (
					"$(inherited)",
					"@executable_path/Frameworks",
					"@loader_path/Frameworks",
				);
				PRODUCT_BUNDLE_IDENTIFIER = MinG.collectionViewTouchTestTests;
				PRODUCT_NAME = "$(TARGET_NAME)";
				SWIFT_VERSION = 5.0;
				TARGETED_DEVICE_FAMILY = "1,2";
				TEST_HOST = "$(BUILT_PRODUCTS_DIR)/collectionViewTouchTest.app/collectionViewTouchTest";
			};
			name = Release;
		};
		CE2D12CE23D6E479004DE36B /* Debug */ = {
			isa = XCBuildConfiguration;
			buildSettings = {
				ALWAYS_EMBED_SWIFT_STANDARD_LIBRARIES = YES;
				CODE_SIGN_STYLE = Automatic;
				DEVELOPMENT_TEAM = CK3K4P4V36;
				INFOPLIST_FILE = collectionViewTouchTestUITests/Info.plist;
				LD_RUNPATH_SEARCH_PATHS = (
					"$(inherited)",
					"@executable_path/Frameworks",
					"@loader_path/Frameworks",
				);
				PRODUCT_BUNDLE_IDENTIFIER = MinG.collectionViewTouchTestUITests;
				PRODUCT_NAME = "$(TARGET_NAME)";
				SWIFT_VERSION = 5.0;
				TARGETED_DEVICE_FAMILY = "1,2";
				TEST_TARGET_NAME = collectionViewTouchTest;
			};
			name = Debug;
		};
		CE2D12CF23D6E479004DE36B /* Release */ = {
			isa = XCBuildConfiguration;
			buildSettings = {
				ALWAYS_EMBED_SWIFT_STANDARD_LIBRARIES = YES;
				CODE_SIGN_STYLE = Automatic;
				DEVELOPMENT_TEAM = CK3K4P4V36;
				INFOPLIST_FILE = collectionViewTouchTestUITests/Info.plist;
				LD_RUNPATH_SEARCH_PATHS = (
					"$(inherited)",
					"@executable_path/Frameworks",
					"@loader_path/Frameworks",
				);
				PRODUCT_BUNDLE_IDENTIFIER = MinG.collectionViewTouchTestUITests;
				PRODUCT_NAME = "$(TARGET_NAME)";
				SWIFT_VERSION = 5.0;
				TARGETED_DEVICE_FAMILY = "1,2";
				TEST_TARGET_NAME = collectionViewTouchTest;
			};
			name = Release;
		};
/* End XCBuildConfiguration section */

/* Begin XCConfigurationList section */
		CE2D129A23D6E477004DE36B /* Build configuration list for PBXProject "collectionViewTouchTest" */ = {
			isa = XCConfigurationList;
			buildConfigurations = (
				CE2D12C523D6E479004DE36B /* Debug */,
				CE2D12C623D6E479004DE36B /* Release */,
			);
			defaultConfigurationIsVisible = 0;
			defaultConfigurationName = Release;
		};
		CE2D12C723D6E479004DE36B /* Build configuration list for PBXNativeTarget "collectionViewTouchTest" */ = {
			isa = XCConfigurationList;
			buildConfigurations = (
				CE2D12C823D6E479004DE36B /* Debug */,
				CE2D12C923D6E479004DE36B /* Release */,
			);
			defaultConfigurationIsVisible = 0;
			defaultConfigurationName = Release;
		};
		CE2D12CA23D6E479004DE36B /* Build configuration list for PBXNativeTarget "collectionViewTouchTestTests" */ = {
			isa = XCConfigurationList;
			buildConfigurations = (
				CE2D12CB23D6E479004DE36B /* Debug */,
				CE2D12CC23D6E479004DE36B /* Release */,
			);
			defaultConfigurationIsVisible = 0;
			defaultConfigurationName = Release;
		};
		CE2D12CD23D6E479004DE36B /* Build configuration list for PBXNativeTarget "collectionViewTouchTestUITests" */ = {
			isa = XCConfigurationList;
			buildConfigurations = (
				CE2D12CE23D6E479004DE36B /* Debug */,
				CE2D12CF23D6E479004DE36B /* Release */,
			);
			defaultConfigurationIsVisible = 0;
			defaultConfigurationName = Release;
		};
/* End XCConfigurationList section */
	};
	rootObject = CE2D129723D6E477004DE36B /* Project object */;
}
