// !$*UTF8*$!
{
	archiveVersion = 1;
	classes = {
	};
	objectVersion = 51;
	objects = {

/* Begin PBXBuildFile section */
		0DCAC98B50BA9619D0716EB1 /* Pods_RxSwiftTest_RxSwiftTestUITests.framework in Frameworks */ = {isa = PBXBuildFile; fileRef = 50F4B539C644E8D20AE967D0 /* Pods_RxSwiftTest_RxSwiftTestUITests.framework */; };
		56A34BA18EE224BF0CC44263 /* Pods_RxSwiftTestTests.framework in Frameworks */ = {isa = PBXBuildFile; fileRef = 247F6E8F59E4074CA20810F9 /* Pods_RxSwiftTestTests.framework */; };
		CE6EE6F0247E58B60096892A /* AppDelegate.swift in Sources */ = {isa = PBXBuildFile; fileRef = CE6EE6EF247E58B60096892A /* AppDelegate.swift */; };
		CE6EE6F4247E58B60096892A /* ViewController.swift in Sources */ = {isa = PBXBuildFile; fileRef = CE6EE6F3247E58B60096892A /* ViewController.swift */; };
		CE6EE6F7247E58B60096892A /* Main.storyboard in Resources */ = {isa = PBXBuildFile; fileRef = CE6EE6F5247E58B60096892A /* Main.storyboard */; };
		CE6EE6F9247E58B80096892A /* Assets.xcassets in Resources */ = {isa = PBXBuildFile; fileRef = CE6EE6F8247E58B80096892A /* Assets.xcassets */; };
		CE6EE6FC247E58B80096892A /* LaunchScreen.storyboard in Resources */ = {isa = PBXBuildFile; fileRef = CE6EE6FA247E58B80096892A /* LaunchScreen.storyboard */; };
		CE6EE707247E58B80096892A /* RxSwiftTestTests.swift in Sources */ = {isa = PBXBuildFile; fileRef = CE6EE706247E58B80096892A /* RxSwiftTestTests.swift */; };
		CE6EE712247E58B90096892A /* RxSwiftTestUITests.swift in Sources */ = {isa = PBXBuildFile; fileRef = CE6EE711247E58B90096892A /* RxSwiftTestUITests.swift */; };
		CE6EE720247E59D60096892A /* ViewModel.swift in Sources */ = {isa = PBXBuildFile; fileRef = CE6EE71F247E59D60096892A /* ViewModel.swift */; };
		F755D715B4432EAAA37167B2 /* Pods_RxSwiftTest.framework in Frameworks */ = {isa = PBXBuildFile; fileRef = 6E7968D603A87CA644888AC4 /* Pods_RxSwiftTest.framework */; };
/* End PBXBuildFile section */

/* Begin PBXContainerItemProxy section */
		CE6EE703247E58B80096892A /* PBXContainerItemProxy */ = {
			isa = PBXContainerItemProxy;
			containerPortal = CE6EE6E4247E58B60096892A /* Project object */;
			proxyType = 1;
			remoteGlobalIDString = CE6EE6EB247E58B60096892A;
			remoteInfo = RxSwiftTest;
		};
		CE6EE70E247E58B90096892A /* PBXContainerItemProxy */ = {
			isa = PBXContainerItemProxy;
			containerPortal = CE6EE6E4247E58B60096892A /* Project object */;
			proxyType = 1;
			remoteGlobalIDString = CE6EE6EB247E58B60096892A;
			remoteInfo = RxSwiftTest;
		};
/* End PBXContainerItemProxy section */

/* Begin PBXFileReference section */
		0B345BAE63F3293E013A6D4F /* Pods-RxSwiftTest-RxSwiftTestUITests.debug.xcconfig */ = {isa = PBXFileReference; includeInIndex = 1; lastKnownFileType = text.xcconfig; name = "Pods-RxSwiftTest-RxSwiftTestUITests.debug.xcconfig"; path = "Target Support Files/Pods-RxSwiftTest-RxSwiftTestUITests/Pods-RxSwiftTest-RxSwiftTestUITests.debug.xcconfig"; sourceTree = "<group>"; };
		247F6E8F59E4074CA20810F9 /* Pods_RxSwiftTestTests.framework */ = {isa = PBXFileReference; explicitFileType = wrapper.framework; includeInIndex = 0; path = Pods_RxSwiftTestTests.framework; sourceTree = BUILT_PRODUCTS_DIR; };
		2A96ECC91A366DD87D4BC2E3 /* Pods-RxSwiftTest-RxSwiftTestUITests.release.xcconfig */ = {isa = PBXFileReference; includeInIndex = 1; lastKnownFileType = text.xcconfig; name = "Pods-RxSwiftTest-RxSwiftTestUITests.release.xcconfig"; path = "Target Support Files/Pods-RxSwiftTest-RxSwiftTestUITests/Pods-RxSwiftTest-RxSwiftTestUITests.release.xcconfig"; sourceTree = "<group>"; };
		3F8F3BC04EB81938E68D1FAA /* Pods-RxSwiftTest.debug.xcconfig */ = {isa = PBXFileReference; includeInIndex = 1; lastKnownFileType = text.xcconfig; name = "Pods-RxSwiftTest.debug.xcconfig"; path = "Target Support Files/Pods-RxSwiftTest/Pods-RxSwiftTest.debug.xcconfig"; sourceTree = "<group>"; };
		50F4B539C644E8D20AE967D0 /* Pods_RxSwiftTest_RxSwiftTestUITests.framework */ = {isa = PBXFileReference; explicitFileType = wrapper.framework; includeInIndex = 0; path = Pods_RxSwiftTest_RxSwiftTestUITests.framework; sourceTree = BUILT_PRODUCTS_DIR; };
		6E7968D603A87CA644888AC4 /* Pods_RxSwiftTest.framework */ = {isa = PBXFileReference; explicitFileType = wrapper.framework; includeInIndex = 0; path = Pods_RxSwiftTest.framework; sourceTree = BUILT_PRODUCTS_DIR; };
		BDA2C80B91CDA4410AD258A0 /* Pods-RxSwiftTestTests.debug.xcconfig */ = {isa = PBXFileReference; includeInIndex = 1; lastKnownFileType = text.xcconfig; name = "Pods-RxSwiftTestTests.debug.xcconfig"; path = "Target Support Files/Pods-RxSwiftTestTests/Pods-RxSwiftTestTests.debug.xcconfig"; sourceTree = "<group>"; };
		CE6EE6EC247E58B60096892A /* RxSwiftTest.app */ = {isa = PBXFileReference; explicitFileType = wrapper.application; includeInIndex = 0; path = RxSwiftTest.app; sourceTree = BUILT_PRODUCTS_DIR; };
		CE6EE6EF247E58B60096892A /* AppDelegate.swift */ = {isa = PBXFileReference; lastKnownFileType = sourcecode.swift; path = AppDelegate.swift; sourceTree = "<group>"; };
		CE6EE6F3247E58B60096892A /* ViewController.swift */ = {isa = PBXFileReference; lastKnownFileType = sourcecode.swift; path = ViewController.swift; sourceTree = "<group>"; };
		CE6EE6F6247E58B60096892A /* Base */ = {isa = PBXFileReference; lastKnownFileType = file.storyboard; name = Base; path = Base.lproj/Main.storyboard; sourceTree = "<group>"; };
		CE6EE6F8247E58B80096892A /* Assets.xcassets */ = {isa = PBXFileReference; lastKnownFileType = folder.assetcatalog; path = Assets.xcassets; sourceTree = "<group>"; };
		CE6EE6FB247E58B80096892A /* Base */ = {isa = PBXFileReference; lastKnownFileType = file.storyboard; name = Base; path = Base.lproj/LaunchScreen.storyboard; sourceTree = "<group>"; };
		CE6EE6FD247E58B80096892A /* Info.plist */ = {isa = PBXFileReference; lastKnownFileType = text.plist.xml; path = Info.plist; sourceTree = "<group>"; };
		CE6EE702247E58B80096892A /* RxSwiftTestTests.xctest */ = {isa = PBXFileReference; explicitFileType = wrapper.cfbundle; includeInIndex = 0; path = RxSwiftTestTests.xctest; sourceTree = BUILT_PRODUCTS_DIR; };
		CE6EE706247E58B80096892A /* RxSwiftTestTests.swift */ = {isa = PBXFileReference; lastKnownFileType = sourcecode.swift; path = RxSwiftTestTests.swift; sourceTree = "<group>"; };
		CE6EE708247E58B80096892A /* Info.plist */ = {isa = PBXFileReference; lastKnownFileType = text.plist.xml; path = Info.plist; sourceTree = "<group>"; };
		CE6EE70D247E58B90096892A /* RxSwiftTestUITests.xctest */ = {isa = PBXFileReference; explicitFileType = wrapper.cfbundle; includeInIndex = 0; path = RxSwiftTestUITests.xctest; sourceTree = BUILT_PRODUCTS_DIR; };
		CE6EE711247E58B90096892A /* RxSwiftTestUITests.swift */ = {isa = PBXFileReference; lastKnownFileType = sourcecode.swift; path = RxSwiftTestUITests.swift; sourceTree = "<group>"; };
		CE6EE713247E58B90096892A /* Info.plist */ = {isa = PBXFileReference; lastKnownFileType = text.plist.xml; path = Info.plist; sourceTree = "<group>"; };
		CE6EE71F247E59D60096892A /* ViewModel.swift */ = {isa = PBXFileReference; lastKnownFileType = sourcecode.swift; path = ViewModel.swift; sourceTree = "<group>"; };
		DA2A35D4472352EE0BE5457C /* Pods-RxSwiftTest.release.xcconfig */ = {isa = PBXFileReference; includeInIndex = 1; lastKnownFileType = text.xcconfig; name = "Pods-RxSwiftTest.release.xcconfig"; path = "Target Support Files/Pods-RxSwiftTest/Pods-RxSwiftTest.release.xcconfig"; sourceTree = "<group>"; };
		E7A4B34EAE9E6877DCB6A923 /* Pods-RxSwiftTestTests.release.xcconfig */ = {isa = PBXFileReference; includeInIndex = 1; lastKnownFileType = text.xcconfig; name = "Pods-RxSwiftTestTests.release.xcconfig"; path = "Target Support Files/Pods-RxSwiftTestTests/Pods-RxSwiftTestTests.release.xcconfig"; sourceTree = "<group>"; };
/* End PBXFileReference section */

/* Begin PBXFrameworksBuildPhase section */
		CE6EE6E9247E58B60096892A /* Frameworks */ = {
			isa = PBXFrameworksBuildPhase;
			buildActionMask = 2147483647;
			files = (
				F755D715B4432EAAA37167B2 /* Pods_RxSwiftTest.framework in Frameworks */,
			);
			runOnlyForDeploymentPostprocessing = 0;
		};
		CE6EE6FF247E58B80096892A /* Frameworks */ = {
			isa = PBXFrameworksBuildPhase;
			buildActionMask = 2147483647;
			files = (
				56A34BA18EE224BF0CC44263 /* Pods_RxSwiftTestTests.framework in Frameworks */,
			);
			runOnlyForDeploymentPostprocessing = 0;
		};
		CE6EE70A247E58B90096892A /* Frameworks */ = {
			isa = PBXFrameworksBuildPhase;
			buildActionMask = 2147483647;
			files = (
				0DCAC98B50BA9619D0716EB1 /* Pods_RxSwiftTest_RxSwiftTestUITests.framework in Frameworks */,
			);
			runOnlyForDeploymentPostprocessing = 0;
		};
/* End PBXFrameworksBuildPhase section */

/* Begin PBXGroup section */
		176541C0AA794BCA9A5E13CA /* Pods */ = {
			isa = PBXGroup;
			children = (
				3F8F3BC04EB81938E68D1FAA /* Pods-RxSwiftTest.debug.xcconfig */,
				DA2A35D4472352EE0BE5457C /* Pods-RxSwiftTest.release.xcconfig */,
				0B345BAE63F3293E013A6D4F /* Pods-RxSwiftTest-RxSwiftTestUITests.debug.xcconfig */,
				2A96ECC91A366DD87D4BC2E3 /* Pods-RxSwiftTest-RxSwiftTestUITests.release.xcconfig */,
				BDA2C80B91CDA4410AD258A0 /* Pods-RxSwiftTestTests.debug.xcconfig */,
				E7A4B34EAE9E6877DCB6A923 /* Pods-RxSwiftTestTests.release.xcconfig */,
			);
			path = Pods;
			sourceTree = "<group>";
		};
		5BC5A12AF1AF65AF6E5D4314 /* Frameworks */ = {
			isa = PBXGroup;
			children = (
				6E7968D603A87CA644888AC4 /* Pods_RxSwiftTest.framework */,
				50F4B539C644E8D20AE967D0 /* Pods_RxSwiftTest_RxSwiftTestUITests.framework */,
				247F6E8F59E4074CA20810F9 /* Pods_RxSwiftTestTests.framework */,
			);
			name = Frameworks;
			sourceTree = "<group>";
		};
		CE6EE6E3247E58B60096892A = {
			isa = PBXGroup;
			children = (
				CE6EE6EE247E58B60096892A /* RxSwiftTest */,
				CE6EE705247E58B80096892A /* RxSwiftTestTests */,
				CE6EE710247E58B90096892A /* RxSwiftTestUITests */,
				CE6EE6ED247E58B60096892A /* Products */,
				176541C0AA794BCA9A5E13CA /* Pods */,
				5BC5A12AF1AF65AF6E5D4314 /* Frameworks */,
			);
			sourceTree = "<group>";
		};
		CE6EE6ED247E58B60096892A /* Products */ = {
			isa = PBXGroup;
			children = (
				CE6EE6EC247E58B60096892A /* RxSwiftTest.app */,
				CE6EE702247E58B80096892A /* RxSwiftTestTests.xctest */,
				CE6EE70D247E58B90096892A /* RxSwiftTestUITests.xctest */,
			);
			name = Products;
			sourceTree = "<group>";
		};
		CE6EE6EE247E58B60096892A /* RxSwiftTest */ = {
			isa = PBXGroup;
			children = (
				CE6EE6EF247E58B60096892A /* AppDelegate.swift */,
				CE6EE6F3247E58B60096892A /* ViewController.swift */,
				CE6EE71F247E59D60096892A /* ViewModel.swift */,
				CE6EE6F5247E58B60096892A /* Main.storyboard */,
				CE6EE6F8247E58B80096892A /* Assets.xcassets */,
				CE6EE6FA247E58B80096892A /* LaunchScreen.storyboard */,
				CE6EE6FD247E58B80096892A /* Info.plist */,
			);
			path = RxSwiftTest;
			sourceTree = "<group>";
		};
		CE6EE705247E58B80096892A /* RxSwiftTestTests */ = {
			isa = PBXGroup;
			children = (
				CE6EE706247E58B80096892A /* RxSwiftTestTests.swift */,
				CE6EE708247E58B80096892A /* Info.plist */,
			);
			path = RxSwiftTestTests;
			sourceTree = "<group>";
		};
		CE6EE710247E58B90096892A /* RxSwiftTestUITests */ = {
			isa = PBXGroup;
			children = (
				CE6EE711247E58B90096892A /* RxSwiftTestUITests.swift */,
				CE6EE713247E58B90096892A /* Info.plist */,
			);
			path = RxSwiftTestUITests;
			sourceTree = "<group>";
		};
/* End PBXGroup section */

/* Begin PBXNativeTarget section */
		CE6EE6EB247E58B60096892A /* RxSwiftTest */ = {
			isa = PBXNativeTarget;
			buildConfigurationList = CE6EE716247E58B90096892A /* Build configuration list for PBXNativeTarget "RxSwiftTest" */;
			buildPhases = (
				2919677FBEB497E280D3561B /* [CP] Check Pods Manifest.lock */,
				CE6EE6E8247E58B60096892A /* Sources */,
				CE6EE6E9247E58B60096892A /* Frameworks */,
				CE6EE6EA247E58B60096892A /* Resources */,
				D3F7580D1E8C08644D8620DA /* [CP] Embed Pods Frameworks */,
			);
			buildRules = (
			);
			dependencies = (
			);
			name = RxSwiftTest;
			productName = RxSwiftTest;
			productReference = CE6EE6EC247E58B60096892A /* RxSwiftTest.app */;
			productType = "com.apple.product-type.application";
		};
		CE6EE701247E58B80096892A /* RxSwiftTestTests */ = {
			isa = PBXNativeTarget;
			buildConfigurationList = CE6EE719247E58B90096892A /* Build configuration list for PBXNativeTarget "RxSwiftTestTests" */;
			buildPhases = (
				488AD30E106BB4B2C9B86E1E /* [CP] Check Pods Manifest.lock */,
				CE6EE6FE247E58B80096892A /* Sources */,
				CE6EE6FF247E58B80096892A /* Frameworks */,
				CE6EE700247E58B80096892A /* Resources */,
			);
			buildRules = (
			);
			dependencies = (
				CE6EE704247E58B80096892A /* PBXTargetDependency */,
			);
			name = RxSwiftTestTests;
			productName = RxSwiftTestTests;
			productReference = CE6EE702247E58B80096892A /* RxSwiftTestTests.xctest */;
			productType = "com.apple.product-type.bundle.unit-test";
		};
		CE6EE70C247E58B90096892A /* RxSwiftTestUITests */ = {
			isa = PBXNativeTarget;
			buildConfigurationList = CE6EE71C247E58B90096892A /* Build configuration list for PBXNativeTarget "RxSwiftTestUITests" */;
			buildPhases = (
				B87B5996F51F0B772B5C78ED /* [CP] Check Pods Manifest.lock */,
				CE6EE709247E58B90096892A /* Sources */,
				CE6EE70A247E58B90096892A /* Frameworks */,
				CE6EE70B247E58B90096892A /* Resources */,
				5A1F43A43CDDFCCA7AAA6537 /* [CP] Embed Pods Frameworks */,
			);
			buildRules = (
			);
			dependencies = (
				CE6EE70F247E58B90096892A /* PBXTargetDependency */,
			);
			name = RxSwiftTestUITests;
			productName = RxSwiftTestUITests;
			productReference = CE6EE70D247E58B90096892A /* RxSwiftTestUITests.xctest */;
			productType = "com.apple.product-type.bundle.ui-testing";
		};
/* End PBXNativeTarget section */

/* Begin PBXProject section */
		CE6EE6E4247E58B60096892A /* Project object */ = {
			isa = PBXProject;
			attributes = {
				LastSwiftUpdateCheck = 1150;
				LastUpgradeCheck = 1150;
				ORGANIZATIONNAME = MinG._.;
				TargetAttributes = {
					CE6EE6EB247E58B60096892A = {
						CreatedOnToolsVersion = 11.5;
					};
					CE6EE701247E58B80096892A = {
						CreatedOnToolsVersion = 11.5;
						TestTargetID = CE6EE6EB247E58B60096892A;
					};
					CE6EE70C247E58B90096892A = {
						CreatedOnToolsVersion = 11.5;
						TestTargetID = CE6EE6EB247E58B60096892A;
					};
				};
			};
			buildConfigurationList = CE6EE6E7247E58B60096892A /* Build configuration list for PBXProject "RxSwiftTest" */;
			compatibilityVersion = "Xcode 9.3";
			developmentRegion = en;
			hasScannedForEncodings = 0;
			knownRegions = (
				en,
				Base,
			);
			mainGroup = CE6EE6E3247E58B60096892A;
			productRefGroup = CE6EE6ED247E58B60096892A /* Products */;
			projectDirPath = "";
			projectRoot = "";
			targets = (
				CE6EE6EB247E58B60096892A /* RxSwiftTest */,
				CE6EE701247E58B80096892A /* RxSwiftTestTests */,
				CE6EE70C247E58B90096892A /* RxSwiftTestUITests */,
			);
		};
/* End PBXProject section */

/* Begin PBXResourcesBuildPhase section */
		CE6EE6EA247E58B60096892A /* Resources */ = {
			isa = PBXResourcesBuildPhase;
			buildActionMask = 2147483647;
			files = (
				CE6EE6FC247E58B80096892A /* LaunchScreen.storyboard in Resources */,
				CE6EE6F9247E58B80096892A /* Assets.xcassets in Resources */,
				CE6EE6F7247E58B60096892A /* Main.storyboard in Resources */,
			);
			runOnlyForDeploymentPostprocessing = 0;
		};
		CE6EE700247E58B80096892A /* Resources */ = {
			isa = PBXResourcesBuildPhase;
			buildActionMask = 2147483647;
			files = (
			);
			runOnlyForDeploymentPostprocessing = 0;
		};
		CE6EE70B247E58B90096892A /* Resources */ = {
			isa = PBXResourcesBuildPhase;
			buildActionMask = 2147483647;
			files = (
			);
			runOnlyForDeploymentPostprocessing = 0;
		};
/* End PBXResourcesBuildPhase section */

/* Begin PBXShellScriptBuildPhase section */
		2919677FBEB497E280D3561B /* [CP] Check Pods Manifest.lock */ = {
			isa = PBXShellScriptBuildPhase;
			buildActionMask = 2147483647;
			files = (
			);
			inputFileListPaths = (
			);
			inputPaths = (
				"${PODS_PODFILE_DIR_PATH}/Podfile.lock",
				"${PODS_ROOT}/Manifest.lock",
			);
			name = "[CP] Check Pods Manifest.lock";
			outputFileListPaths = (
			);
			outputPaths = (
				"$(DERIVED_FILE_DIR)/Pods-RxSwiftTest-checkManifestLockResult.txt",
			);
			runOnlyForDeploymentPostprocessing = 0;
			shellPath = /bin/sh;
			shellScript = "diff \"${PODS_PODFILE_DIR_PATH}/Podfile.lock\" \"${PODS_ROOT}/Manifest.lock\" > /dev/null\nif [ $? != 0 ] ; then\n    # print error to STDERR\n    echo \"error: The sandbox is not in sync with the Podfile.lock. Run 'pod install' or update your CocoaPods installation.\" >&2\n    exit 1\nfi\n# This output is used by Xcode 'outputs' to avoid re-running this script phase.\necho \"SUCCESS\" > \"${SCRIPT_OUTPUT_FILE_0}\"\n";
			showEnvVarsInLog = 0;
		};
		488AD30E106BB4B2C9B86E1E /* [CP] Check Pods Manifest.lock */ = {
			isa = PBXShellScriptBuildPhase;
			buildActionMask = 2147483647;
			files = (
			);
			inputFileListPaths = (
			);
			inputPaths = (
				"${PODS_PODFILE_DIR_PATH}/Podfile.lock",
				"${PODS_ROOT}/Manifest.lock",
			);
			name = "[CP] Check Pods Manifest.lock";
			outputFileListPaths = (
			);
			outputPaths = (
				"$(DERIVED_FILE_DIR)/Pods-RxSwiftTestTests-checkManifestLockResult.txt",
			);
			runOnlyForDeploymentPostprocessing = 0;
			shellPath = /bin/sh;
			shellScript = "diff \"${PODS_PODFILE_DIR_PATH}/Podfile.lock\" \"${PODS_ROOT}/Manifest.lock\" > /dev/null\nif [ $? != 0 ] ; then\n    # print error to STDERR\n    echo \"error: The sandbox is not in sync with the Podfile.lock. Run 'pod install' or update your CocoaPods installation.\" >&2\n    exit 1\nfi\n# This output is used by Xcode 'outputs' to avoid re-running this script phase.\necho \"SUCCESS\" > \"${SCRIPT_OUTPUT_FILE_0}\"\n";
			showEnvVarsInLog = 0;
		};
		5A1F43A43CDDFCCA7AAA6537 /* [CP] Embed Pods Frameworks */ = {
			isa = PBXShellScriptBuildPhase;
			buildActionMask = 2147483647;
			files = (
			);
			inputFileListPaths = (
				"${PODS_ROOT}/Target Support Files/Pods-RxSwiftTest-RxSwiftTestUITests/Pods-RxSwiftTest-RxSwiftTestUITests-frameworks-${CONFIGURATION}-input-files.xcfilelist",
			);
			name = "[CP] Embed Pods Frameworks";
			outputFileListPaths = (
				"${PODS_ROOT}/Target Support Files/Pods-RxSwiftTest-RxSwiftTestUITests/Pods-RxSwiftTest-RxSwiftTestUITests-frameworks-${CONFIGURATION}-output-files.xcfilelist",
			);
			runOnlyForDeploymentPostprocessing = 0;
			shellPath = /bin/sh;
			shellScript = "\"${PODS_ROOT}/Target Support Files/Pods-RxSwiftTest-RxSwiftTestUITests/Pods-RxSwiftTest-RxSwiftTestUITests-frameworks.sh\"\n";
			showEnvVarsInLog = 0;
		};
		B87B5996F51F0B772B5C78ED /* [CP] Check Pods Manifest.lock */ = {
			isa = PBXShellScriptBuildPhase;
			buildActionMask = 2147483647;
			files = (
			);
			inputFileListPaths = (
			);
			inputPaths = (
				"${PODS_PODFILE_DIR_PATH}/Podfile.lock",
				"${PODS_ROOT}/Manifest.lock",
			);
			name = "[CP] Check Pods Manifest.lock";
			outputFileListPaths = (
			);
			outputPaths = (
				"$(DERIVED_FILE_DIR)/Pods-RxSwiftTest-RxSwiftTestUITests-checkManifestLockResult.txt",
			);
			runOnlyForDeploymentPostprocessing = 0;
			shellPath = /bin/sh;
			shellScript = "diff \"${PODS_PODFILE_DIR_PATH}/Podfile.lock\" \"${PODS_ROOT}/Manifest.lock\" > /dev/null\nif [ $? != 0 ] ; then\n    # print error to STDERR\n    echo \"error: The sandbox is not in sync with the Podfile.lock. Run 'pod install' or update your CocoaPods installation.\" >&2\n    exit 1\nfi\n# This output is used by Xcode 'outputs' to avoid re-running this script phase.\necho \"SUCCESS\" > \"${SCRIPT_OUTPUT_FILE_0}\"\n";
			showEnvVarsInLog = 0;
		};
		D3F7580D1E8C08644D8620DA /* [CP] Embed Pods Frameworks */ = {
			isa = PBXShellScriptBuildPhase;
			buildActionMask = 2147483647;
			files = (
			);
			inputFileListPaths = (
				"${PODS_ROOT}/Target Support Files/Pods-RxSwiftTest/Pods-RxSwiftTest-frameworks-${CONFIGURATION}-input-files.xcfilelist",
			);
			name = "[CP] Embed Pods Frameworks";
			outputFileListPaths = (
				"${PODS_ROOT}/Target Support Files/Pods-RxSwiftTest/Pods-RxSwiftTest-frameworks-${CONFIGURATION}-output-files.xcfilelist",
			);
			runOnlyForDeploymentPostprocessing = 0;
			shellPath = /bin/sh;
			shellScript = "\"${PODS_ROOT}/Target Support Files/Pods-RxSwiftTest/Pods-RxSwiftTest-frameworks.sh\"\n";
			showEnvVarsInLog = 0;
		};
/* End PBXShellScriptBuildPhase section */

/* Begin PBXSourcesBuildPhase section */
		CE6EE6E8247E58B60096892A /* Sources */ = {
			isa = PBXSourcesBuildPhase;
			buildActionMask = 2147483647;
			files = (
				CE6EE6F4247E58B60096892A /* ViewController.swift in Sources */,
				CE6EE720247E59D60096892A /* ViewModel.swift in Sources */,
				CE6EE6F0247E58B60096892A /* AppDelegate.swift in Sources */,
			);
			runOnlyForDeploymentPostprocessing = 0;
		};
		CE6EE6FE247E58B80096892A /* Sources */ = {
			isa = PBXSourcesBuildPhase;
			buildActionMask = 2147483647;
			files = (
				CE6EE707247E58B80096892A /* RxSwiftTestTests.swift in Sources */,
			);
			runOnlyForDeploymentPostprocessing = 0;
		};
		CE6EE709247E58B90096892A /* Sources */ = {
			isa = PBXSourcesBuildPhase;
			buildActionMask = 2147483647;
			files = (
				CE6EE712247E58B90096892A /* RxSwiftTestUITests.swift in Sources */,
			);
			runOnlyForDeploymentPostprocessing = 0;
		};
/* End PBXSourcesBuildPhase section */

/* Begin PBXTargetDependency section */
		CE6EE704247E58B80096892A /* PBXTargetDependency */ = {
			isa = PBXTargetDependency;
			target = CE6EE6EB247E58B60096892A /* RxSwiftTest */;
			targetProxy = CE6EE703247E58B80096892A /* PBXContainerItemProxy */;
		};
		CE6EE70F247E58B90096892A /* PBXTargetDependency */ = {
			isa = PBXTargetDependency;
			target = CE6EE6EB247E58B60096892A /* RxSwiftTest */;
			targetProxy = CE6EE70E247E58B90096892A /* PBXContainerItemProxy */;
		};
/* End PBXTargetDependency section */

/* Begin PBXVariantGroup section */
		CE6EE6F5247E58B60096892A /* Main.storyboard */ = {
			isa = PBXVariantGroup;
			children = (
				CE6EE6F6247E58B60096892A /* Base */,
			);
			name = Main.storyboard;
			sourceTree = "<group>";
		};
		CE6EE6FA247E58B80096892A /* LaunchScreen.storyboard */ = {
			isa = PBXVariantGroup;
			children = (
				CE6EE6FB247E58B80096892A /* Base */,
			);
			name = LaunchScreen.storyboard;
			sourceTree = "<group>";
		};
/* End PBXVariantGroup section */

/* Begin XCBuildConfiguration section */
		CE6EE714247E58B90096892A /* Debug */ = {
			isa = XCBuildConfiguration;
			buildSettings = {
				ALWAYS_SEARCH_USER_PATHS = NO;
				CLANG_ANALYZER_NONNULL = YES;
				CLANG_ANALYZER_NUMBER_OBJECT_CONVERSION = YES_AGGRESSIVE;
				CLANG_CXX_LANGUAGE_STANDARD = "gnu++14";
				CLANG_CXX_LIBRARY = "libc++";
				CLANG_ENABLE_MODULES = YES;
				CLANG_ENABLE_OBJC_ARC = YES;
				CLANG_ENABLE_OBJC_WEAK = YES;
				CLANG_WARN_BLOCK_CAPTURE_AUTORELEASING = YES;
				CLANG_WARN_BOOL_CONVERSION = YES;
				CLANG_WARN_COMMA = YES;
				CLANG_WARN_CONSTANT_CONVERSION = YES;
				CLANG_WARN_DEPRECATED_OBJC_IMPLEMENTATIONS = YES;
				CLANG_WARN_DIRECT_OBJC_ISA_USAGE = YES_ERROR;
				CLANG_WARN_DOCUMENTATION_COMMENTS = YES;
				CLANG_WARN_EMPTY_BODY = YES;
				CLANG_WARN_ENUM_CONVERSION = YES;
				CLANG_WARN_INFINITE_RECURSION = YES;
				CLANG_WARN_INT_CONVERSION = YES;
				CLANG_WARN_NON_LITERAL_NULL_CONVERSION = YES;
				CLANG_WARN_OBJC_IMPLICIT_RETAIN_SELF = YES;
				CLANG_WARN_OBJC_LITERAL_CONVERSION = YES;
				CLANG_WARN_OBJC_ROOT_CLASS = YES_ERROR;
				CLANG_WARN_RANGE_LOOP_ANALYSIS = YES;
				CLANG_WARN_STRICT_PROTOTYPES = YES;
				CLANG_WARN_SUSPICIOUS_MOVE = YES;
				CLANG_WARN_UNGUARDED_AVAILABILITY = YES_AGGRESSIVE;
				CLANG_WARN_UNREACHABLE_CODE = YES;
				CLANG_WARN__DUPLICATE_METHOD_MATCH = YES;
				COPY_PHASE_STRIP = NO;
				DEBUG_INFORMATION_FORMAT = dwarf;
				ENABLE_STRICT_OBJC_MSGSEND = YES;
				ENABLE_TESTABILITY = YES;
				GCC_C_LANGUAGE_STANDARD = gnu11;
				GCC_DYNAMIC_NO_PIC = NO;
				GCC_NO_COMMON_BLOCKS = YES;
				GCC_OPTIMIZATION_LEVEL = 0;
				GCC_PREPROCESSOR_DEFINITIONS = (
					"DEBUG=1",
					"$(inherited)",
				);
				GCC_WARN_64_TO_32_BIT_CONVERSION = YES;
				GCC_WARN_ABOUT_RETURN_TYPE = YES_ERROR;
				GCC_WARN_UNDECLARED_SELECTOR = YES;
				GCC_WARN_UNINITIALIZED_AUTOS = YES_AGGRESSIVE;
				GCC_WARN_UNUSED_FUNCTION = YES;
				GCC_WARN_UNUSED_VARIABLE = YES;
				IPHONEOS_DEPLOYMENT_TARGET = 13.5;
				MTL_ENABLE_DEBUG_INFO = INCLUDE_SOURCE;
				MTL_FAST_MATH = YES;
				ONLY_ACTIVE_ARCH = YES;
				SDKROOT = iphoneos;
				SWIFT_ACTIVE_COMPILATION_CONDITIONS = DEBUG;
				SWIFT_OPTIMIZATION_LEVEL = "-Onone";
			};
			name = Debug;
		};
		CE6EE715247E58B90096892A /* Release */ = {
			isa = XCBuildConfiguration;
			buildSettings = {
				ALWAYS_SEARCH_USER_PATHS = NO;
				CLANG_ANALYZER_NONNULL = YES;
				CLANG_ANALYZER_NUMBER_OBJECT_CONVERSION = YES_AGGRESSIVE;
				CLANG_CXX_LANGUAGE_STANDARD = "gnu++14";
				CLANG_CXX_LIBRARY = "libc++";
				CLANG_ENABLE_MODULES = YES;
				CLANG_ENABLE_OBJC_ARC = YES;
				CLANG_ENABLE_OBJC_WEAK = YES;
				CLANG_WARN_BLOCK_CAPTURE_AUTORELEASING = YES;
				CLANG_WARN_BOOL_CONVERSION = YES;
				CLANG_WARN_COMMA = YES;
				CLANG_WARN_CONSTANT_CONVERSION = YES;
				CLANG_WARN_DEPRECATED_OBJC_IMPLEMENTATIONS = YES;
				CLANG_WARN_DIRECT_OBJC_ISA_USAGE = YES_ERROR;
				CLANG_WARN_DOCUMENTATION_COMMENTS = YES;
				CLANG_WARN_EMPTY_BODY = YES;
				CLANG_WARN_ENUM_CONVERSION = YES;
				CLANG_WARN_INFINITE_RECURSION = YES;
				CLANG_WARN_INT_CONVERSION = YES;
				CLANG_WARN_NON_LITERAL_NULL_CONVERSION = YES;
				CLANG_WARN_OBJC_IMPLICIT_RETAIN_SELF = YES;
				CLANG_WARN_OBJC_LITERAL_CONVERSION = YES;
				CLANG_WARN_OBJC_ROOT_CLASS = YES_ERROR;
				CLANG_WARN_RANGE_LOOP_ANALYSIS = YES;
				CLANG_WARN_STRICT_PROTOTYPES = YES;
				CLANG_WARN_SUSPICIOUS_MOVE = YES;
				CLANG_WARN_UNGUARDED_AVAILABILITY = YES_AGGRESSIVE;
				CLANG_WARN_UNREACHABLE_CODE = YES;
				CLANG_WARN__DUPLICATE_METHOD_MATCH = YES;
				COPY_PHASE_STRIP = NO;
				DEBUG_INFORMATION_FORMAT = "dwarf-with-dsym";
				ENABLE_NS_ASSERTIONS = NO;
				ENABLE_STRICT_OBJC_MSGSEND = YES;
				GCC_C_LANGUAGE_STANDARD = gnu11;
				GCC_NO_COMMON_BLOCKS = YES;
				GCC_WARN_64_TO_32_BIT_CONVERSION = YES;
				GCC_WARN_ABOUT_RETURN_TYPE = YES_ERROR;
				GCC_WARN_UNDECLARED_SELECTOR = YES;
				GCC_WARN_UNINITIALIZED_AUTOS = YES_AGGRESSIVE;
				GCC_WARN_UNUSED_FUNCTION = YES;
				GCC_WARN_UNUSED_VARIABLE = YES;
				IPHONEOS_DEPLOYMENT_TARGET = 13.5;
				MTL_ENABLE_DEBUG_INFO = NO;
				MTL_FAST_MATH = YES;
				SDKROOT = iphoneos;
				SWIFT_COMPILATION_MODE = wholemodule;
				SWIFT_OPTIMIZATION_LEVEL = "-O";
				VALIDATE_PRODUCT = YES;
			};
			name = Release;
		};
		CE6EE717247E58B90096892A /* Debug */ = {
			isa = XCBuildConfiguration;
			baseConfigurationReference = 3F8F3BC04EB81938E68D1FAA /* Pods-RxSwiftTest.debug.xcconfig */;
			buildSettings = {
				ASSETCATALOG_COMPILER_APPICON_NAME = AppIcon;
				CODE_SIGN_STYLE = Automatic;
				DEVELOPMENT_TEAM = CK3K4P4V36;
				INFOPLIST_FILE = RxSwiftTest/Info.plist;
				IPHONEOS_DEPLOYMENT_TARGET = 11.0;
				LD_RUNPATH_SEARCH_PATHS = (
					"$(inherited)",
					"@executable_path/Frameworks",
				);
				PRODUCT_BUNDLE_IDENTIFIER = MinG.RxSwiftTest;
				PRODUCT_NAME = "$(TARGET_NAME)";
				SWIFT_VERSION = 5.0;
				TARGETED_DEVICE_FAMILY = "1,2";
			};
			name = Debug;
		};
		CE6EE718247E58B90096892A /* Release */ = {
			isa = XCBuildConfiguration;
			baseConfigurationReference = DA2A35D4472352EE0BE5457C /* Pods-RxSwiftTest.release.xcconfig */;
			buildSettings = {
				ASSETCATALOG_COMPILER_APPICON_NAME = AppIcon;
				CODE_SIGN_STYLE = Automatic;
				DEVELOPMENT_TEAM = CK3K4P4V36;
				INFOPLIST_FILE = RxSwiftTest/Info.plist;
				IPHONEOS_DEPLOYMENT_TARGET = 11.0;
				LD_RUNPATH_SEARCH_PATHS = (
					"$(inherited)",
					"@executable_path/Frameworks",
				);
				PRODUCT_BUNDLE_IDENTIFIER = MinG.RxSwiftTest;
				PRODUCT_NAME = "$(TARGET_NAME)";
				SWIFT_VERSION = 5.0;
				TARGETED_DEVICE_FAMILY = "1,2";
			};
			name = Release;
		};
		CE6EE71A247E58B90096892A /* Debug */ = {
			isa = XCBuildConfiguration;
			baseConfigurationReference = BDA2C80B91CDA4410AD258A0 /* Pods-RxSwiftTestTests.debug.xcconfig */;
			buildSettings = {
				ALWAYS_EMBED_SWIFT_STANDARD_LIBRARIES = YES;
				BUNDLE_LOADER = "$(TEST_HOST)";
				CODE_SIGN_STYLE = Automatic;
				DEVELOPMENT_TEAM = CK3K4P4V36;
				INFOPLIST_FILE = RxSwiftTestTests/Info.plist;
				IPHONEOS_DEPLOYMENT_TARGET = 13.5;
				LD_RUNPATH_SEARCH_PATHS = (
					"$(inherited)",
					"@executable_path/Frameworks",
					"@loader_path/Frameworks",
				);
				PRODUCT_BUNDLE_IDENTIFIER = MinG.RxSwiftTestTests;
				PRODUCT_NAME = "$(TARGET_NAME)";
				SWIFT_VERSION = 5.0;
				TARGETED_DEVICE_FAMILY = "1,2";
				TEST_HOST = "$(BUILT_PRODUCTS_DIR)/RxSwiftTest.app/RxSwiftTest";
			};
			name = Debug;
		};
		CE6EE71B247E58B90096892A /* Release */ = {
			isa = XCBuildConfiguration;
			baseConfigurationReference = E7A4B34EAE9E6877DCB6A923 /* Pods-RxSwiftTestTests.release.xcconfig */;
			buildSettings = {
				ALWAYS_EMBED_SWIFT_STANDARD_LIBRARIES = YES;
				BUNDLE_LOADER = "$(TEST_HOST)";
				CODE_SIGN_STYLE = Automatic;
				DEVELOPMENT_TEAM = CK3K4P4V36;
				INFOPLIST_FILE = RxSwiftTestTests/Info.plist;
				IPHONEOS_DEPLOYMENT_TARGET = 13.5;
				LD_RUNPATH_SEARCH_PATHS = (
					"$(inherited)",
					"@executable_path/Frameworks",
					"@loader_path/Frameworks",
				);
				PRODUCT_BUNDLE_IDENTIFIER = MinG.RxSwiftTestTests;
				PRODUCT_NAME = "$(TARGET_NAME)";
				SWIFT_VERSION = 5.0;
				TARGETED_DEVICE_FAMILY = "1,2";
				TEST_HOST = "$(BUILT_PRODUCTS_DIR)/RxSwiftTest.app/RxSwiftTest";
			};
			name = Release;
		};
		CE6EE71D247E58B90096892A /* Debug */ = {
			isa = XCBuildConfiguration;
			baseConfigurationReference = 0B345BAE63F3293E013A6D4F /* Pods-RxSwiftTest-RxSwiftTestUITests.debug.xcconfig */;
			buildSettings = {
				ALWAYS_EMBED_SWIFT_STANDARD_LIBRARIES = YES;
				CODE_SIGN_STYLE = Automatic;
				DEVELOPMENT_TEAM = CK3K4P4V36;
				INFOPLIST_FILE = RxSwiftTestUITests/Info.plist;
				LD_RUNPATH_SEARCH_PATHS = (
					"$(inherited)",
					"@executable_path/Frameworks",
					"@loader_path/Frameworks",
				);
				PRODUCT_BUNDLE_IDENTIFIER = MinG.RxSwiftTestUITests;
				PRODUCT_NAME = "$(TARGET_NAME)";
				SWIFT_VERSION = 5.0;
				TARGETED_DEVICE_FAMILY = "1,2";
				TEST_TARGET_NAME = RxSwiftTest;
			};
			name = Debug;
		};
		CE6EE71E247E58B90096892A /* Release */ = {
			isa = XCBuildConfiguration;
			baseConfigurationReference = 2A96ECC91A366DD87D4BC2E3 /* Pods-RxSwiftTest-RxSwiftTestUITests.release.xcconfig */;
			buildSettings = {
				ALWAYS_EMBED_SWIFT_STANDARD_LIBRARIES = YES;
				CODE_SIGN_STYLE = Automatic;
				DEVELOPMENT_TEAM = CK3K4P4V36;
				INFOPLIST_FILE = RxSwiftTestUITests/Info.plist;
				LD_RUNPATH_SEARCH_PATHS = (
					"$(inherited)",
					"@executable_path/Frameworks",
					"@loader_path/Frameworks",
				);
				PRODUCT_BUNDLE_IDENTIFIER = MinG.RxSwiftTestUITests;
				PRODUCT_NAME = "$(TARGET_NAME)";
				SWIFT_VERSION = 5.0;
				TARGETED_DEVICE_FAMILY = "1,2";
				TEST_TARGET_NAME = RxSwiftTest;
			};
			name = Release;
		};
/* End XCBuildConfiguration section */

/* Begin XCConfigurationList section */
		CE6EE6E7247E58B60096892A /* Build configuration list for PBXProject "RxSwiftTest" */ = {
			isa = XCConfigurationList;
			buildConfigurations = (
				CE6EE714247E58B90096892A /* Debug */,
				CE6EE715247E58B90096892A /* Release */,
			);
			defaultConfigurationIsVisible = 0;
			defaultConfigurationName = Release;
		};
		CE6EE716247E58B90096892A /* Build configuration list for PBXNativeTarget "RxSwiftTest" */ = {
			isa = XCConfigurationList;
			buildConfigurations = (
				CE6EE717247E58B90096892A /* Debug */,
				CE6EE718247E58B90096892A /* Release */,
			);
			defaultConfigurationIsVisible = 0;
			defaultConfigurationName = Release;
		};
		CE6EE719247E58B90096892A /* Build configuration list for PBXNativeTarget "RxSwiftTestTests" */ = {
			isa = XCConfigurationList;
			buildConfigurations = (
				CE6EE71A247E58B90096892A /* Debug */,
				CE6EE71B247E58B90096892A /* Release */,
			);
			defaultConfigurationIsVisible = 0;
			defaultConfigurationName = Release;
		};
		CE6EE71C247E58B90096892A /* Build configuration list for PBXNativeTarget "RxSwiftTestUITests" */ = {
			isa = XCConfigurationList;
			buildConfigurations = (
				CE6EE71D247E58B90096892A /* Debug */,
				CE6EE71E247E58B90096892A /* Release */,
			);
			defaultConfigurationIsVisible = 0;
			defaultConfigurationName = Release;
		};
/* End XCConfigurationList section */
	};
	rootObject = CE6EE6E4247E58B60096892A /* Project object */;
}
